
Microsoft Visual Studio Solution File, Format Version 12.00
# Visual Studio Version 16
VisualStudioVersion = 16.0.30621.155
MinimumVisualStudioVersion = 10.0.40219.1
Project("{FAE04EC0-301F-11D3-BF4B-00C04F79EFBC}") = "AudioMidwest.com", "AudioMidwest.com\AudioMidwest.com.csproj", "{BA7ECE76-CEAA-4D59-949E-724DF7331E0F}"
EndProject
Global
	GlobalSection(SolutionConfigurationPlatforms) = preSolution
		Debug|Any CPU = Debug|Any CPU
		Release|Any CPU = Release|Any CPU
	EndGlobalSection
	GlobalSection(ProjectConfigurationPlatforms) = postSolution
		{BA7ECE76-CEAA-4D59-949E-724DF7331E0F}.Debug|Any CPU.ActiveCfg = Debug|Any CPU
		{BA7ECE76-CEAA-4D59-949E-724DF7331E0F}.Debug|Any CPU.Build.0 = Debug|Any CPU
		{BA7ECE76-CEAA-4D59-949E-724DF7331E0F}.Release|Any CPU.ActiveCfg = Release|Any CPU
		{BA7ECE76-CEAA-4D59-949E-724DF7331E0F}.Release|Any CPU.Build.0 = Release|Any CPU
	EndGlobalSection
	GlobalSection(SolutionProperties) = preSolution
		HideSolutionNode = FALSE
	EndGlobalSection
	GlobalSection(ExtensibilityGlobals) = postSolution
		SolutionGuid = {6DB1B96F-61F1-4FDF-BD01-28408E98B018}
	EndGlobalSection
EndGlobal
